
Microsoft Visual Studio Solution File, Format Version 12.00
# Visual Studio Version 17
VisualStudioVersion = 17.7.34031.279
MinimumVisualStudioVersion = 10.0.40219.1
Project("{FAE04EC0-301F-11D3-BF4B-00C04F79EFBC}") = "ADOWPF1", "ADOWPF1.csproj", "{96170096-C789-474E-BD9D-FC9B0172AA74}"
EndProject
Project("{FAE04EC0-301F-11D3-BF4B-00C04F79EFBC}") = "ClassLibrary1", "..\ClassLibrary1\ClassLibrary1.csproj", "{C21EFEC2-157E-4929-A6CC-5494902CF1F8}"
EndProject
Global
	GlobalSection(SolutionConfigurationPlatforms) = preSolution
		Debug|Any CPU = Debug|Any CPU
		Release|Any CPU = Release|Any CPU
	EndGlobalSection
	GlobalSection(ProjectConfigurationPlatforms) = postSolution
		{96170096-C789-474E-BD9D-FC9B0172AA74}.Debug|Any CPU.ActiveCfg = Debug|Any CPU
		{96170096-C789-474E-BD9D-FC9B0172AA74}.Debug|Any CPU.Build.0 = Debug|Any CPU
		{96170096-C789-474E-BD9D-FC9B0172AA74}.Release|Any CPU.ActiveCfg = Release|Any CPU
		{96170096-C789-474E-BD9D-FC9B0172AA74}.Release|Any CPU.Build.0 = Release|Any CPU
		{C21EFEC2-157E-4929-A6CC-5494902CF1F8}.Debug|Any CPU.ActiveCfg = Debug|Any CPU
		{C21EFEC2-157E-4929-A6CC-5494902CF1F8}.Debug|Any CPU.Build.0 = Debug|Any CPU
		{C21EFEC2-157E-4929-A6CC-5494902CF1F8}.Release|Any CPU.ActiveCfg = Release|Any CPU
		{C21EFEC2-157E-4929-A6CC-5494902CF1F8}.Release|Any CPU.Build.0 = Release|Any CPU
	EndGlobalSection
	GlobalSection(SolutionProperties) = preSolution
		HideSolutionNode = FALSE
	EndGlobalSection
	GlobalSection(ExtensibilityGlobals) = postSolution
		SolutionGuid = {E0024571-5879-4C11-9031-1E0C43591429}
	EndGlobalSection
EndGlobal
